# This file is automatically @generated by Cargo.
# It is not intended for manual editing.
[[package]]
name = "convert_case"
version = "0.4.0"
source = "registry+https://github.com/rust-lang/crates.io-index"
checksum = "6245d59a3e82a7fc217c5828a6692dbc6dfb63a0c8c90495621f7b9d79704a0e"

[[package]]
name = "generator"
version = "0.1.0"
dependencies = [
 "convert_case",
]
